
Microsoft Visual Studio Solution File, Format Version 12.00
# Visual Studio Version 17
VisualStudioVersion = 17.8.34330.188
MinimumVisualStudioVersion = 10.0.40219.1
Project("{FAE04EC0-301F-11D3-BF4B-00C04F79EFBC}") = "Pag13Ex01", "Pag13Ex01\Pag13Ex01.csproj", "{F969A829-F956-4DF7-8000-F760F3D51D48}"
EndProject
Global
	GlobalSection(SolutionConfigurationPlatforms) = preSolution
		Debug|Any CPU = Debug|Any CPU
		Release|Any CPU = Release|Any CPU
	EndGlobalSection
	GlobalSection(ProjectConfigurationPlatforms) = postSolution
		{F969A829-F956-4DF7-8000-F760F3D51D48}.Debug|Any CPU.ActiveCfg = Debug|Any CPU
		{F969A829-F956-4DF7-8000-F760F3D51D48}.Debug|Any CPU.Build.0 = Debug|Any CPU
		{F969A829-F956-4DF7-8000-F760F3D51D48}.Release|Any CPU.ActiveCfg = Release|Any CPU
		{F969A829-F956-4DF7-8000-F760F3D51D48}.Release|Any CPU.Build.0 = Release|Any CPU
	EndGlobalSection
	GlobalSection(SolutionProperties) = preSolution
		HideSolutionNode = FALSE
	EndGlobalSection
	GlobalSection(ExtensibilityGlobals) = postSolution
		SolutionGuid = {B36FE7B5-BBDC-49B0-97F0-F199A6C56990}
	EndGlobalSection
EndGlobal
